
Microsoft Visual Studio Solution File, Format Version 12.00
Project("{FAE04EC0-301F-11D3-BF4B-00C04F79EFBC}") = "PrefixFixer", "PrefixFixer\PrefixFixer.csproj", "{0B3A5A4F-65EA-4608-B3A2-8559FAEEE1D6}"
EndProject
Global
	GlobalSection(SolutionConfigurationPlatforms) = preSolution
		Debug|Any CPU = Debug|Any CPU
		Release|Any CPU = Release|Any CPU
	EndGlobalSection
	GlobalSection(ProjectConfigurationPlatforms) = postSolution
		{0B3A5A4F-65EA-4608-B3A2-8559FAEEE1D6}.Debug|Any CPU.ActiveCfg = Debug|Any CPU
		{0B3A5A4F-65EA-4608-B3A2-8559FAEEE1D6}.Debug|Any CPU.Build.0 = Debug|Any CPU
		{0B3A5A4F-65EA-4608-B3A2-8559FAEEE1D6}.Release|Any CPU.ActiveCfg = Release|Any CPU
		{0B3A5A4F-65EA-4608-B3A2-8559FAEEE1D6}.Release|Any CPU.Build.0 = Release|Any CPU
	EndGlobalSection
EndGlobal
